{
	"name": "developer-training-course",
	"version": "1.0.0",
	"lockfileVersion": 2,
	"requires": true,
	"packages": {
		"": {
			"name": "developer-training-course",
			"version": "1.0.0",
			"license": "ISC",
			"dependencies": {
				"@ckb-lumos/base": "^0.17.0",
				"@ckb-lumos/ckb-indexer": "^0.17.0",
				"@ckb-lumos/common-scripts": "^0.17.0",
				"@ckb-lumos/config-manager": "^0.17.0",
				"@ckb-lumos/helpers": "^0.17.0",
				"@ckb-lumos/transaction-manager": "^0.17.0",
				"@nervosnetwork/ckb-sdk-rpc": "^0.103.1",
				"@nervosnetwork/ckb-sdk-utils": "^0.103.1",
				"blake2b": "^2.1.4",
				"bufferutility": "^2.2.1",
				"ckb-js-toolkit": "^0.10.2",
				"int64-buffer": "^1.0.1",
				"lodash": "^4.17.21",
				"secp256k1": "^4.0.3",
				"secp256r1": "0.0.3"
			}
		},
		"node_modules/@ckb-lumos/base": {
			"version": "0.17.0",
			"resolved": "https://registry.npmjs.org/@ckb-lumos/base/-/base-0.17.0.tgz",
			"integrity": "sha512-Yb3/g9vNwS+O+xKgkypcoIhkNwBXbpmhWUZvxzH5iKdZik0gH92bfFH5geFx2w03EtgBkfy1jbveF48mz0Ia0Q==",
			"dependencies": {
				"@ckb-lumos/bi": "0.17.0",
				"@ckb-lumos/toolkit": "0.17.0",
				"@types/lodash.isequal": "^4.5.5",
				"blake2b": "^2.1.3",
				"js-xxhash": "^1.0.4",
				"lodash.isequal": "^4.5.0"
			},
			"engines": {
				"node": ">=12.0.0"
			},
			"peerDependencies": {
				"jsbi": "^4.1.0"
			}
		},
		"node_modules/@ckb-lumos/bi": {
			"version": "0.17.0",
			"resolved": "https://registry.npmjs.org/@ckb-lumos/bi/-/bi-0.17.0.tgz",
			"integrity": "sha512-MNLNVoX1jO4JoEkSvt8JZI48KkKjzbsEUt9JqAWMc3iNgJ7SIXXGX1Cv9YxY5Kxwsq64Cs6O4nm5iEE4wH6vlA==",
			"dependencies": {
				"jsbi": "^4.1.0"
			},
			"engines": {
				"node": ">=12.0.0"
			}
		},
		"node_modules/@ckb-lumos/ckb-indexer": {
			"version": "0.17.0",
			"resolved": "https://registry.npmjs.org/@ckb-lumos/ckb-indexer/-/ckb-indexer-0.17.0.tgz",
			"integrity": "sha512-Cf8m7wovVUZktKwgCdgVx2KE9tTbYoYYvzy9TZhosgrkQ9YiYc0WoeIDnTv2JiUWB1AmVVKN4lgqIHnZ2RSGmQ==",
			"dependencies": {
				"@ckb-lumos/base": "0.17.0",
				"@ckb-lumos/bi": "0.17.0",
				"@ckb-lumos/rpc": "0.17.0",
				"@ckb-lumos/toolkit": "0.17.0",
				"cross-fetch": "^3.1.5",
				"events": "^3.3.0"
			},
			"engines": {
				"node": ">=12.0.0"
			}
		},
		"node_modules/@ckb-lumos/common-scripts": {
			"version": "0.17.0",
			"resolved": "https://registry.npmjs.org/@ckb-lumos/common-scripts/-/common-scripts-0.17.0.tgz",
			"integrity": "sha512-usmckI5tIvRQJkrdzZOr5mAlTYsRg+ogyexw8/xmkrkq0a+Dj2v7tGILC7y75eiVj9B4et8/1JO07+Ru0xCkOw==",
			"dependencies": {
				"@ckb-lumos/base": "0.17.0",
				"@ckb-lumos/bi": "0.17.0",
				"@ckb-lumos/config-manager": "0.17.0",
				"@ckb-lumos/helpers": "0.17.0",
				"@ckb-lumos/rpc": "0.17.0",
				"@ckb-lumos/toolkit": "0.17.0",
				"immutable": "^4.0.0-rc.12"
			},
			"engines": {
				"node": ">=12.0.0"
			}
		},
		"node_modules/@ckb-lumos/config-manager": {
			"version": "0.17.0",
			"resolved": "https://registry.npmjs.org/@ckb-lumos/config-manager/-/config-manager-0.17.0.tgz",
			"integrity": "sha512-I8eCV8bAyE/v+uGcu0YOB43v4ZUwTY9dHpE67gW5VJzloXFdIUedpgMpeySA/rmicZ3yhzoh2WhE5CmqGkDU5Q==",
			"dependencies": {
				"@ckb-lumos/base": "0.17.0",
				"@ckb-lumos/bi": "0.17.0",
				"@types/deep-freeze-strict": "^1.1.0",
				"deep-freeze-strict": "^1.1.1"
			},
			"engines": {
				"node": ">=12.0.0"
			}
		},
		"node_modules/@ckb-lumos/helpers": {
			"version": "0.17.0",
			"resolved": "https://registry.npmjs.org/@ckb-lumos/helpers/-/helpers-0.17.0.tgz",
			"integrity": "sha512-sfZsTSLrLJ1HGOwBCcYJrG4tq4LllOzbw42o6MObg1DNvzKAK4A/lu2zMi61sKMVdNB5I0zgqT1JtKurzw5jcw==",
			"dependencies": {
				"@ckb-lumos/base": "0.17.0",
				"@ckb-lumos/bi": "0.17.0",
				"@ckb-lumos/config-manager": "0.17.0",
				"@ckb-lumos/toolkit": "0.17.0",
				"bech32": "^2.0.0",
				"immutable": "^4.0.0-rc.12"
			},
			"engines": {
				"node": ">=12.0.0"
			}
		},
		"node_modules/@ckb-lumos/rpc": {
			"version": "0.17.0",
			"resolved": "https://registry.npmjs.org/@ckb-lumos/rpc/-/rpc-0.17.0.tgz",
			"integrity": "sha512-UuR4LDo8sFOebSMqeai9KuF/DHl731dLYRuXRMURNx8QXVnHo2PXGtzCJs+F0DrJg0WECcAEAkJKh2/0ZDTJWw==",
			"dependencies": {
				"@ckb-lumos/base": "0.17.0",
				"@ckb-lumos/bi": "0.17.0",
				"@ckb-lumos/toolkit": "0.17.0"
			},
			"engines": {
				"node": ">=12.0.0"
			}
		},
		"node_modules/@ckb-lumos/toolkit": {
			"version": "0.17.0",
			"resolved": "https://registry.npmjs.org/@ckb-lumos/toolkit/-/toolkit-0.17.0.tgz",
			"integrity": "sha512-y9MrQMjH3qVj6bZCnps5aydu1wAwM4u/cv0c4o2AqxHNq9axIt5hZmI8Z9hswDctcyeWll1aLpYamy3Wt+wz4Q==",
			"engines": {
				"node": ">=12.0.0"
			},
			"peerDependencies": {
				"cross-fetch": "^3.1.4",
				"jsbi": "^4.1.0"
			}
		},
		"node_modules/@ckb-lumos/transaction-manager": {
			"version": "0.17.0",
			"resolved": "https://registry.npmjs.org/@ckb-lumos/transaction-manager/-/transaction-manager-0.17.0.tgz",
			"integrity": "sha512-TvFvZL3zYljlIObTNvPGuQWq/QEDx9Bvy0vrlyI5urP0VnoXfFPiowQpU3oRaUfHRNiP0WUGtUOaE5NKVt0l9A==",
			"dependencies": {
				"@ckb-lumos/base": "0.17.0",
				"@ckb-lumos/ckb-indexer": "0.17.0",
				"@ckb-lumos/toolkit": "0.17.0",
				"immutable": "^4.0.0-rc.12"
			},
			"engines": {
				"node": ">=12.0.0"
			}
		},
		"node_modules/@nervosnetwork/ckb-sdk-rpc": {
			"version": "0.103.1",
			"resolved": "https://registry.npmjs.org/@nervosnetwork/ckb-sdk-rpc/-/ckb-sdk-rpc-0.103.1.tgz",
			"integrity": "sha512-n3V/5Be7PilyHXUcR6yAiwanMcuZNLfslu9A84OpfB22hlkwIv7OFG/JvFNack/cANPfChRAWB+VWiYGwSON/A==",
			"dependencies": {
				"@nervosnetwork/ckb-sdk-utils": "0.103.1",
				"axios": "0.21.4",
				"tslib": "2.3.1"
			}
		},
		"node_modules/@nervosnetwork/ckb-sdk-utils": {
			"version": "0.103.1",
			"resolved": "https://registry.npmjs.org/@nervosnetwork/ckb-sdk-utils/-/ckb-sdk-utils-0.103.1.tgz",
			"integrity": "sha512-OzpFNKkOOqYWDHDjPf11uOfOf8EQOEstOBxVtyFjrGEx3B9FwsGxItlHYeuTfpFkHF2Ut+G9M3X71w8h/IApdQ==",
			"dependencies": {
				"@nervosnetwork/ckb-types": "0.103.1",
				"bech32": "2.0.0",
				"elliptic": "6.5.4",
				"jsbi": "3.1.3",
				"tslib": "2.3.1"
			}
		},
		"node_modules/@nervosnetwork/ckb-sdk-utils/node_modules/jsbi": {
			"version": "3.1.3",
			"resolved": "https://registry.npmjs.org/jsbi/-/jsbi-3.1.3.tgz",
			"integrity": "sha512-nBJqA0C6Qns+ZxurbEoIR56wyjiUszpNy70FHvxO5ervMoCbZVE3z3kxr5nKGhlxr/9MhKTSUBs7cAwwuf3g9w=="
		},
		"node_modules/@nervosnetwork/ckb-types": {
			"version": "0.103.1",
			"resolved": "https://registry.npmjs.org/@nervosnetwork/ckb-types/-/ckb-types-0.103.1.tgz",
			"integrity": "sha512-gGRR1VvUS/KRq2ChhXHPiHpgyLYazPM2R8lK87shQI82Gp2/m6k1HVDeNR5XOYwQ3YmBbxHGQtQr/kMq7DUlZA=="
		},
		"node_modules/@types/deep-freeze-strict": {
			"version": "1.1.0",
			"resolved": "https://registry.npmjs.org/@types/deep-freeze-strict/-/deep-freeze-strict-1.1.0.tgz",
			"integrity": "sha512-fILflsS66kGQ4iIBzYoxuQCWK1wQdy/ooguTofUk0KSxA+G5ZzH8WdU8mf6IU+5cMBW+j9u+eh+7kv63R3O9Tw=="
		},
		"node_modules/@types/lodash": {
			"version": "4.14.182",
			"resolved": "https://registry.npmjs.org/@types/lodash/-/lodash-4.14.182.tgz",
			"integrity": "sha512-/THyiqyQAP9AfARo4pF+aCGcyiQ94tX/Is2I7HofNRqoYLgN1PBoOWu2/zTA5zMxzP5EFutMtWtGAFRKUe961Q=="
		},
		"node_modules/@types/lodash.isequal": {
			"version": "4.5.6",
			"resolved": "https://registry.npmjs.org/@types/lodash.isequal/-/lodash.isequal-4.5.6.tgz",
			"integrity": "sha512-Ww4UGSe3DmtvLLJm2F16hDwEQSv7U0Rr8SujLUA2wHI2D2dm8kPu6Et+/y303LfjTIwSBKXB/YTUcAKpem/XEg==",
			"dependencies": {
				"@types/lodash": "*"
			}
		},
		"node_modules/axios": {
			"version": "0.21.4",
			"resolved": "https://registry.npmjs.org/axios/-/axios-0.21.4.tgz",
			"integrity": "sha512-ut5vewkiu8jjGBdqpM44XxjuCjq9LAKeHVmoVfHVzy8eHgxxq8SbAVQNovDA8mVi05kP0Ea/n/UzcSHcTJQfNg==",
			"dependencies": {
				"follow-redirects": "^1.14.0"
			}
		},
		"node_modules/b4a": {
			"version": "1.5.3",
			"resolved": "https://registry.npmjs.org/b4a/-/b4a-1.5.3.tgz",
			"integrity": "sha512-1aCQIzQJK7G0z1Una75tWMlwVAR8o+QHoAlnWc5XAxRVBESY9WsitfBgM5nPyDBP5HrhPU1Np4Pq2Y7CJQ+tVw=="
		},
		"node_modules/bech32": {
			"version": "2.0.0",
			"resolved": "https://registry.npmjs.org/bech32/-/bech32-2.0.0.tgz",
			"integrity": "sha512-LcknSilhIGatDAsY1ak2I8VtGaHNhgMSYVxFrGLXv+xLHytaKZKcaUJJUE7qmBr7h33o5YQwP55pMI0xmkpJwg=="
		},
		"node_modules/bip66": {
			"version": "1.1.5",
			"resolved": "https://registry.npmjs.org/bip66/-/bip66-1.1.5.tgz",
			"integrity": "sha1-AfqHSHhcpwlV1QESF9GzE5lpyiI=",
			"dependencies": {
				"safe-buffer": "^5.0.1"
			}
		},
		"node_modules/blake2b": {
			"version": "2.1.4",
			"resolved": "https://registry.npmjs.org/blake2b/-/blake2b-2.1.4.tgz",
			"integrity": "sha512-AyBuuJNI64gIvwx13qiICz6H6hpmjvYS5DGkG6jbXMOT8Z3WUJ3V1X0FlhIoT1b/5JtHE3ki+xjtMvu1nn+t9A==",
			"dependencies": {
				"blake2b-wasm": "^2.4.0",
				"nanoassert": "^2.0.0"
			}
		},
		"node_modules/blake2b-wasm": {
			"version": "2.4.0",
			"resolved": "https://registry.npmjs.org/blake2b-wasm/-/blake2b-wasm-2.4.0.tgz",
			"integrity": "sha512-S1kwmW2ZhZFFFOghcx73+ZajEfKBqhP82JMssxtLVMxlaPea1p9uoLiUZ5WYyHn0KddwbLc+0vh4wR0KBNoT5w==",
			"dependencies": {
				"b4a": "^1.0.1",
				"nanoassert": "^2.0.0"
			}
		},
		"node_modules/bn.js": {
			"version": "4.12.0",
			"resolved": "https://registry.npmjs.org/bn.js/-/bn.js-4.12.0.tgz",
			"integrity": "sha512-c98Bf3tPniI+scsdk237ku1Dc3ujXQTSgyiPUDEOe7tRkhrqridvh8klBv0HCEso1OLOYcHuCv/cS6DNxKH+ZA=="
		},
		"node_modules/brorand": {
			"version": "1.1.0",
			"resolved": "https://registry.npmjs.org/brorand/-/brorand-1.1.0.tgz",
			"integrity": "sha1-EsJe/kCkXjwyPrhnWgoM5XsiNx8="
		},
		"node_modules/browserify-aes": {
			"version": "1.2.0",
			"resolved": "https://registry.npmjs.org/browserify-aes/-/browserify-aes-1.2.0.tgz",
			"integrity": "sha512-+7CHXqGuspUn/Sl5aO7Ea0xWGAtETPXNSAjHo48JfLdPWcMng33Xe4znFvQweqc/uzk5zSOI3H52CYnjCfb5hA==",
			"dependencies": {
				"buffer-xor": "^1.0.3",
				"cipher-base": "^1.0.0",
				"create-hash": "^1.1.0",
				"evp_bytestokey": "^1.0.3",
				"inherits": "^2.0.1",
				"safe-buffer": "^5.0.1"
			}
		},
		"node_modules/buffer-xor": {
			"version": "1.0.3",
			"resolved": "https://registry.npmjs.org/buffer-xor/-/buffer-xor-1.0.3.tgz",
			"integrity": "sha1-JuYe0UIvtw3ULm42cp7VHYVf6Nk="
		},
		"node_modules/bufferutility": {
			"version": "2.2.1",
			"resolved": "https://registry.npmjs.org/bufferutility/-/bufferutility-2.2.1.tgz",
			"integrity": "sha512-/4sdr36ODmKm3OBcGYDkB5XO18LyS3okAbMHYX3BtudNHU5eeYrXa2xWytlmIp6+zaUYtZ4ZT1xK9WnpbUWCLQ=="
		},
		"node_modules/cipher-base": {
			"version": "1.0.4",
			"resolved": "https://registry.npmjs.org/cipher-base/-/cipher-base-1.0.4.tgz",
			"integrity": "sha512-Kkht5ye6ZGmwv40uUDZztayT2ThLQGfnj/T71N/XzeZeo3nf8foyW7zGTsPYkEya3m5f3cAypH+qe7YOrM1U2Q==",
			"dependencies": {
				"inherits": "^2.0.1",
				"safe-buffer": "^5.0.1"
			}
		},
		"node_modules/ckb-js-toolkit": {
			"version": "0.10.2",
			"resolved": "https://registry.npmjs.org/ckb-js-toolkit/-/ckb-js-toolkit-0.10.2.tgz",
			"integrity": "sha512-hVfIH5OBYibAssTag68zVhuUdqB4Iu3EqbCJrOsePpW+TryvqdmvGca2RQyGm0h6fhVK6RuNuKQ8rSdq/cjgUg==",
			"dependencies": {
				"cross-fetch": "^3.0.6",
				"jsbi": "^3.1.2"
			}
		},
		"node_modules/ckb-js-toolkit/node_modules/jsbi": {
			"version": "3.2.5",
			"resolved": "https://registry.npmjs.org/jsbi/-/jsbi-3.2.5.tgz",
			"integrity": "sha512-aBE4n43IPvjaddScbvWRA2YlTzKEynHzu7MqOyTipdHucf/VxS63ViCjxYRg86M8Rxwbt/GfzHl1kKERkt45fQ=="
		},
		"node_modules/create-hash": {
			"version": "1.2.0",
			"resolved": "https://registry.npmjs.org/create-hash/-/create-hash-1.2.0.tgz",
			"integrity": "sha512-z00bCGNHDG8mHAkP7CtT1qVu+bFQUPjYq/4Iv3C3kWjTFV10zIjfSoeqXo9Asws8gwSHDGj/hl2u4OGIjapeCg==",
			"dependencies": {
				"cipher-base": "^1.0.1",
				"inherits": "^2.0.1",
				"md5.js": "^1.3.4",
				"ripemd160": "^2.0.1",
				"sha.js": "^2.4.0"
			}
		},
		"node_modules/create-hmac": {
			"version": "1.1.7",
			"resolved": "https://registry.npmjs.org/create-hmac/-/create-hmac-1.1.7.tgz",
			"integrity": "sha512-MJG9liiZ+ogc4TzUwuvbER1JRdgvUFSB5+VR/g5h82fGaIRWMWddtKBHi7/sVhfjQZ6SehlyhvQYrcYkaUIpLg==",
			"dependencies": {
				"cipher-base": "^1.0.3",
				"create-hash": "^1.1.0",
				"inherits": "^2.0.1",
				"ripemd160": "^2.0.0",
				"safe-buffer": "^5.0.1",
				"sha.js": "^2.4.8"
			}
		},
		"node_modules/cross-fetch": {
			"version": "3.1.5",
			"resolved": "https://registry.npmjs.org/cross-fetch/-/cross-fetch-3.1.5.tgz",
			"integrity": "sha512-lvb1SBsI0Z7GDwmuid+mU3kWVBwTVUbe7S0H52yaaAdQOXq2YktTCZdlAcNKFzE6QtRz0snpw9bNiPeOIkkQvw==",
			"dependencies": {
				"node-fetch": "2.6.7"
			}
		},
		"node_modules/deep-freeze-strict": {
			"version": "1.1.1",
			"resolved": "https://registry.npmjs.org/deep-freeze-strict/-/deep-freeze-strict-1.1.1.tgz",
			"integrity": "sha512-QemROZMM2IvhAcCFvahdX2Vbm4S/txeq5rFYU9fh4mQP79WTMW5c/HkQ2ICl1zuzcDZdPZ6zarDxQeQMsVYoNA=="
		},
		"node_modules/drbg.js": {
			"version": "1.0.1",
			"resolved": "https://registry.npmjs.org/drbg.js/-/drbg.js-1.0.1.tgz",
			"integrity": "sha1-Pja2xCs3BDgjzbwzLVjzHiRFSAs=",
			"dependencies": {
				"browserify-aes": "^1.0.6",
				"create-hash": "^1.1.2",
				"create-hmac": "^1.1.4"
			},
			"engines": {
				"node": ">=0.10"
			}
		},
		"node_modules/elliptic": {
			"version": "6.5.4",
			"resolved": "https://registry.npmjs.org/elliptic/-/elliptic-6.5.4.tgz",
			"integrity": "sha512-iLhC6ULemrljPZb+QutR5TQGB+pdW6KGD5RSegS+8sorOZT+rdQFbsQFJgvN3eRqNALqJer4oQ16YvJHlU8hzQ==",
			"dependencies": {
				"bn.js": "^4.11.9",
				"brorand": "^1.1.0",
				"hash.js": "^1.0.0",
				"hmac-drbg": "^1.0.1",
				"inherits": "^2.0.4",
				"minimalistic-assert": "^1.0.1",
				"minimalistic-crypto-utils": "^1.0.1"
			}
		},
		"node_modules/events": {
			"version": "3.3.0",
			"resolved": "https://registry.npmjs.org/events/-/events-3.3.0.tgz",
			"integrity": "sha512-mQw+2fkQbALzQ7V0MY0IqdnXNOeTtP4r0lN9z7AAawCXgqea7bDii20AYrIBrFd/Hx0M2Ocz6S111CaFkUcb0Q==",
			"engines": {
				"node": ">=0.8.x"
			}
		},
		"node_modules/evp_bytestokey": {
			"version": "1.0.3",
			"resolved": "https://registry.npmjs.org/evp_bytestokey/-/evp_bytestokey-1.0.3.tgz",
			"integrity": "sha512-/f2Go4TognH/KvCISP7OUsHn85hT9nUkxxA9BEWxFn+Oj9o8ZNLm/40hdlgSLyuOimsrTKLUMEorQexp/aPQeA==",
			"dependencies": {
				"md5.js": "^1.3.4",
				"safe-buffer": "^5.1.1"
			}
		},
		"node_modules/follow-redirects": {
			"version": "1.15.1",
			"resolved": "https://registry.npmjs.org/follow-redirects/-/follow-redirects-1.15.1.tgz",
			"integrity": "sha512-yLAMQs+k0b2m7cVxpS1VKJVvoz7SS9Td1zss3XRwXj+ZDH00RJgnuLx7E44wx02kQLrdM3aOOy+FpzS7+8OizA==",
			"funding": [
				{
					"type": "individual",
					"url": "https://github.com/sponsors/RubenVerborgh"
				}
			],
			"engines": {
				"node": ">=4.0"
			},
			"peerDependenciesMeta": {
				"debug": {
					"optional": true
				}
			}
		},
		"node_modules/hash-base": {
			"version": "3.1.0",
			"resolved": "https://registry.npmjs.org/hash-base/-/hash-base-3.1.0.tgz",
			"integrity": "sha512-1nmYp/rhMDiE7AYkDw+lLwlAzz0AntGIe51F3RfFfEqyQ3feY2eI/NcwC6umIQVOASPMsWJLJScWKSSvzL9IVA==",
			"dependencies": {
				"inherits": "^2.0.4",
				"readable-stream": "^3.6.0",
				"safe-buffer": "^5.2.0"
			},
			"engines": {
				"node": ">=4"
			}
		},
		"node_modules/hash-base/node_modules/readable-stream": {
			"version": "3.6.0",
			"resolved": "https://registry.npmjs.org/readable-stream/-/readable-stream-3.6.0.tgz",
			"integrity": "sha512-BViHy7LKeTz4oNnkcLJ+lVSL6vpiFeX6/d3oSH8zCW7UxP2onchk+vTGB143xuFjHS3deTgkKoXXymXqymiIdA==",
			"dependencies": {
				"inherits": "^2.0.3",
				"string_decoder": "^1.1.1",
				"util-deprecate": "^1.0.1"
			},
			"engines": {
				"node": ">= 6"
			}
		},
		"node_modules/hash-base/node_modules/safe-buffer": {
			"version": "5.2.1",
			"resolved": "https://registry.npmjs.org/safe-buffer/-/safe-buffer-5.2.1.tgz",
			"integrity": "sha512-rp3So07KcdmmKbGvgaNxQSJr7bGVSVk5S9Eq1F+ppbRo70+YeaDxkw5Dd8NPN+GD6bjnYm2VuPuCXmpuYvmCXQ==",
			"funding": [
				{
					"type": "github",
					"url": "https://github.com/sponsors/feross"
				},
				{
					"type": "patreon",
					"url": "https://www.patreon.com/feross"
				},
				{
					"type": "consulting",
					"url": "https://feross.org/support"
				}
			]
		},
		"node_modules/hash.js": {
			"version": "1.1.7",
			"resolved": "https://registry.npmjs.org/hash.js/-/hash.js-1.1.7.tgz",
			"integrity": "sha512-taOaskGt4z4SOANNseOviYDvjEJinIkRgmp7LbKP2YTTmVxWBl87s/uzK9r+44BclBSp2X7K1hqeNfz9JbBeXA==",
			"dependencies": {
				"inherits": "^2.0.3",
				"minimalistic-assert": "^1.0.1"
			}
		},
		"node_modules/hmac-drbg": {
			"version": "1.0.1",
			"resolved": "https://registry.npmjs.org/hmac-drbg/-/hmac-drbg-1.0.1.tgz",
			"integrity": "sha1-0nRXAQJabHdabFRXk+1QL8DGSaE=",
			"dependencies": {
				"hash.js": "^1.0.3",
				"minimalistic-assert": "^1.0.0",
				"minimalistic-crypto-utils": "^1.0.1"
			}
		},
		"node_modules/immutable": {
			"version": "4.0.0-rc.12",
			"resolved": "https://registry.npmjs.org/immutable/-/immutable-4.0.0-rc.12.tgz",
			"integrity": "sha512-0M2XxkZLx/mi3t8NVwIm1g8nHoEmM9p9UBl/G9k4+hm0kBgOVdMV/B3CY5dQ8qG8qc80NN4gDV4HQv6FTJ5q7A=="
		},
		"node_modules/inherits": {
			"version": "2.0.4",
			"resolved": "https://registry.npmjs.org/inherits/-/inherits-2.0.4.tgz",
			"integrity": "sha512-k/vGaX4/Yla3WzyMCvTQOXYeIHvqOKtnqBduzTHpzpQZzAskKMhZ2K+EnBiSM9zGSoIFeMpXKxa4dYeZIQqewQ=="
		},
		"node_modules/int64-buffer": {
			"version": "1.0.1",
			"resolved": "https://registry.npmjs.org/int64-buffer/-/int64-buffer-1.0.1.tgz",
			"integrity": "sha512-+3azY4pXrjAupJHU1V9uGERWlhoqNswJNji6aD/02xac7oxol508AsMC5lxKhEqyZeDFy3enq5OGWXF4u75hiw==",
			"engines": {
				"node": ">= 4.5.0"
			}
		},
		"node_modules/js-xxhash": {
			"version": "1.0.4",
			"resolved": "https://registry.npmjs.org/js-xxhash/-/js-xxhash-1.0.4.tgz",
			"integrity": "sha512-S/6Oo7ruxx5k8m4qlMnbpwQdJjRsvvfcIhIk1dA9c5y5GNhYHKYKu9krEK3QgBax6CxJuf4gRL2opgLkdzWIKg==",
			"engines": {
				"node": ">=8.0.0"
			}
		},
		"node_modules/jsbi": {
			"version": "4.3.0",
			"resolved": "https://registry.npmjs.org/jsbi/-/jsbi-4.3.0.tgz",
			"integrity": "sha512-SnZNcinB4RIcnEyZqFPdGPVgrg2AcnykiBy0sHVJQKHYeaLUvi3Exj+iaPpLnFVkDPZIV4U0yvgC9/R4uEAZ9g=="
		},
		"node_modules/lodash": {
			"version": "4.17.21",
			"resolved": "https://registry.npmjs.org/lodash/-/lodash-4.17.21.tgz",
			"integrity": "sha512-v2kDEe57lecTulaDIuNTPy3Ry4gLGJ6Z1O3vE1krgXZNrsQ+LFTGHVxVjcXPs17LhbZVGedAJv8XZ1tvj5FvSg=="
		},
		"node_modules/lodash.isequal": {
			"version": "4.5.0",
			"resolved": "https://registry.npmjs.org/lodash.isequal/-/lodash.isequal-4.5.0.tgz",
			"integrity": "sha512-pDo3lu8Jhfjqls6GkMgpahsF9kCyayhgykjyLMNFTKWrpVdAQtYyB4muAMWozBB4ig/dtWAmsMxLEI8wuz+DYQ=="
		},
		"node_modules/md5.js": {
			"version": "1.3.5",
			"resolved": "https://registry.npmjs.org/md5.js/-/md5.js-1.3.5.tgz",
			"integrity": "sha512-xitP+WxNPcTTOgnTJcrhM0xvdPepipPSf3I8EIpGKeFLjt3PlJLIDG3u8EX53ZIubkb+5U2+3rELYpEhHhzdkg==",
			"dependencies": {
				"hash-base": "^3.0.0",
				"inherits": "^2.0.1",
				"safe-buffer": "^5.1.2"
			}
		},
		"node_modules/minimalistic-assert": {
			"version": "1.0.1",
			"resolved": "https://registry.npmjs.org/minimalistic-assert/-/minimalistic-assert-1.0.1.tgz",
			"integrity": "sha512-UtJcAD4yEaGtjPezWuO9wC4nwUnVH/8/Im3yEHQP4b67cXlD/Qr9hdITCU1xDbSEXg2XKNaP8jsReV7vQd00/A=="
		},
		"node_modules/minimalistic-crypto-utils": {
			"version": "1.0.1",
			"resolved": "https://registry.npmjs.org/minimalistic-crypto-utils/-/minimalistic-crypto-utils-1.0.1.tgz",
			"integrity": "sha1-9sAMHAsIIkblxNmd+4x8CDsrWCo="
		},
		"node_modules/nan": {
			"version": "2.14.2",
			"resolved": "https://registry.npmjs.org/nan/-/nan-2.14.2.tgz",
			"integrity": "sha512-M2ufzIiINKCuDfBSAUr1vWQ+vuVcA9kqx8JJUsbQi6yf1uGRyb7HfpdfUr5qLXf3B/t8dPvcjhKMmlfnP47EzQ=="
		},
		"node_modules/nanoassert": {
			"version": "2.0.0",
			"resolved": "https://registry.npmjs.org/nanoassert/-/nanoassert-2.0.0.tgz",
			"integrity": "sha512-7vO7n28+aYO4J+8w96AzhmU8G+Y/xpPDJz/se19ICsqj/momRbb9mh9ZUtkoJ5X3nTnPdhEJyc0qnM6yAsHBaA=="
		},
		"node_modules/node-addon-api": {
			"version": "2.0.2",
			"resolved": "https://registry.npmjs.org/node-addon-api/-/node-addon-api-2.0.2.tgz",
			"integrity": "sha512-Ntyt4AIXyaLIuMHF6IOoTakB3K+RWxwtsHNRxllEoA6vPwP9o4866g6YWDLUdnucilZhmkxiHwHr11gAENw+QA=="
		},
		"node_modules/node-fetch": {
			"version": "2.6.7",
			"resolved": "https://registry.npmjs.org/node-fetch/-/node-fetch-2.6.7.tgz",
			"integrity": "sha512-ZjMPFEfVx5j+y2yF35Kzx5sF7kDzxuDj6ziH4FFbOp87zKDZNx8yExJIb05OGF4Nlt9IHFIMBkRl41VdvcNdbQ==",
			"dependencies": {
				"whatwg-url": "^5.0.0"
			},
			"engines": {
				"node": "4.x || >=6.0.0"
			},
			"peerDependencies": {
				"encoding": "^0.1.0"
			},
			"peerDependenciesMeta": {
				"encoding": {
					"optional": true
				}
			}
		},
		"node_modules/node-gyp-build": {
			"version": "4.2.3",
			"resolved": "https://registry.npmjs.org/node-gyp-build/-/node-gyp-build-4.2.3.tgz",
			"integrity": "sha512-MN6ZpzmfNCRM+3t57PTJHgHyw/h4OWnZ6mR8P5j/uZtqQr46RRuDE/P+g3n0YR/AiYXeWixZZzaip77gdICfRg==",
			"bin": {
				"node-gyp-build": "bin.js",
				"node-gyp-build-optional": "optional.js",
				"node-gyp-build-test": "build-test.js"
			}
		},
		"node_modules/ripemd160": {
			"version": "2.0.2",
			"resolved": "https://registry.npmjs.org/ripemd160/-/ripemd160-2.0.2.tgz",
			"integrity": "sha512-ii4iagi25WusVoiC4B4lq7pbXfAp3D9v5CwfkY33vffw2+pkDjY1D8GaN7spsxvCSx8dkPqOZCEZyfxcmJG2IA==",
			"dependencies": {
				"hash-base": "^3.0.0",
				"inherits": "^2.0.1"
			}
		},
		"node_modules/safe-buffer": {
			"version": "5.1.2",
			"resolved": "https://registry.npmjs.org/safe-buffer/-/safe-buffer-5.1.2.tgz",
			"integrity": "sha512-Gd2UZBJDkXlY7GbJxfsE8/nvKkUEU1G38c1siN6QP6a9PT9MmHB8GnpscSmMJSoF8LOIrt8ud/wPtojys4G6+g=="
		},
		"node_modules/secp256k1": {
			"version": "4.0.3",
			"resolved": "https://registry.npmjs.org/secp256k1/-/secp256k1-4.0.3.tgz",
			"integrity": "sha512-NLZVf+ROMxwtEj3Xa562qgv2BK5e2WNmXPiOdVIPLgs6lyTzMvBq0aWTYMI5XCP9jZMVKOcqZLw/Wc4vDkuxhA==",
			"hasInstallScript": true,
			"dependencies": {
				"elliptic": "^6.5.4",
				"node-addon-api": "^2.0.0",
				"node-gyp-build": "^4.2.0"
			},
			"engines": {
				"node": ">=10.0.0"
			}
		},
		"node_modules/secp256r1": {
			"version": "0.0.3",
			"resolved": "https://registry.npmjs.org/secp256r1/-/secp256r1-0.0.3.tgz",
			"integrity": "sha512-fnhCjlV5aM/zNkCLiRWqfbIzZJ78z4ENZT6Hw/xZz/Ie7CgG95H/TS8rOi0SfcSa2jEjuPjUIQh57ZrApv6JoA==",
			"dependencies": {
				"bip66": "^1.1.3",
				"bn.js": "^4.11.3",
				"create-hash": "^1.1.2",
				"drbg.js": "^1.0.1",
				"elliptic": "^6.2.3",
				"nan": "^2.2.1",
				"safe-buffer": "^5.1.0"
			},
			"engines": {
				"node": ">=4.0.0"
			}
		},
		"node_modules/sha.js": {
			"version": "2.4.11",
			"resolved": "https://registry.npmjs.org/sha.js/-/sha.js-2.4.11.tgz",
			"integrity": "sha512-QMEp5B7cftE7APOjk5Y6xgrbWu+WkLVQwk8JNjZ8nKRciZaByEW6MubieAiToS7+dwvrjGhH8jRXz3MVd0AYqQ==",
			"dependencies": {
				"inherits": "^2.0.1",
				"safe-buffer": "^5.0.1"
			},
			"bin": {
				"sha.js": "bin.js"
			}
		},
		"node_modules/string_decoder": {
			"version": "1.1.1",
			"resolved": "https://registry.npmjs.org/string_decoder/-/string_decoder-1.1.1.tgz",
			"integrity": "sha512-n/ShnvDi6FHbbVfviro+WojiFzv+s8MPMHBczVePfUpDJLwoLT0ht1l4YwBCbi8pJAveEEdnkHyPyTP/mzRfwg==",
			"dependencies": {
				"safe-buffer": "~5.1.0"
			}
		},
		"node_modules/tr46": {
			"version": "0.0.3",
			"resolved": "https://registry.npmjs.org/tr46/-/tr46-0.0.3.tgz",
			"integrity": "sha512-N3WMsuqV66lT30CrXNbEjx4GEwlow3v6rr4mCcv6prnfwhS01rkgyFdjPNBYd9br7LpXV1+Emh01fHnq2Gdgrw=="
		},
		"node_modules/tslib": {
			"version": "2.3.1",
			"resolved": "https://registry.npmjs.org/tslib/-/tslib-2.3.1.tgz",
			"integrity": "sha512-77EbyPPpMz+FRFRuAFlWMtmgUWGe9UOG2Z25NqCwiIjRhOf5iKGuzSe5P2w1laq+FkRy4p+PCuVkJSGkzTEKVw=="
		},
		"node_modules/util-deprecate": {
			"version": "1.0.2",
			"resolved": "https://registry.npmjs.org/util-deprecate/-/util-deprecate-1.0.2.tgz",
			"integrity": "sha1-RQ1Nyfpw3nMnYvvS1KKJgUGaDM8="
		},
		"node_modules/webidl-conversions": {
			"version": "3.0.1",
			"resolved": "https://registry.npmjs.org/webidl-conversions/-/webidl-conversions-3.0.1.tgz",
			"integrity": "sha512-2JAn3z8AR6rjK8Sm8orRC0h/bcl/DqL7tRPdGZ4I1CjdF+EaMLmYxBHyXuKL849eucPFhvBoxMsflfOb8kxaeQ=="
		},
		"node_modules/whatwg-url": {
			"version": "5.0.0",
			"resolved": "https://registry.npmjs.org/whatwg-url/-/whatwg-url-5.0.0.tgz",
			"integrity": "sha512-saE57nupxk6v3HY35+jzBwYa0rKSy0XR8JSxZPwgLr7ys0IBzhGviA1/TUGJLmSVqs8pb9AnvICXEuOHLprYTw==",
			"dependencies": {
				"tr46": "~0.0.3",
				"webidl-conversions": "^3.0.0"
			}
		}
	},
	"dependencies": {
		"@ckb-lumos/base": {
			"version": "0.17.0",
			"resolved": "https://registry.npmjs.org/@ckb-lumos/base/-/base-0.17.0.tgz",
			"integrity": "sha512-Yb3/g9vNwS+O+xKgkypcoIhkNwBXbpmhWUZvxzH5iKdZik0gH92bfFH5geFx2w03EtgBkfy1jbveF48mz0Ia0Q==",
			"requires": {
				"@ckb-lumos/bi": "0.17.0",
				"@ckb-lumos/toolkit": "0.17.0",
				"@types/lodash.isequal": "^4.5.5",
				"blake2b": "^2.1.3",
				"js-xxhash": "^1.0.4",
				"lodash.isequal": "^4.5.0"
			}
		},
		"@ckb-lumos/bi": {
			"version": "0.17.0",
			"resolved": "https://registry.npmjs.org/@ckb-lumos/bi/-/bi-0.17.0.tgz",
			"integrity": "sha512-MNLNVoX1jO4JoEkSvt8JZI48KkKjzbsEUt9JqAWMc3iNgJ7SIXXGX1Cv9YxY5Kxwsq64Cs6O4nm5iEE4wH6vlA==",
			"requires": {
				"jsbi": "^4.1.0"
			}
		},
		"@ckb-lumos/ckb-indexer": {
			"version": "0.17.0",
			"resolved": "https://registry.npmjs.org/@ckb-lumos/ckb-indexer/-/ckb-indexer-0.17.0.tgz",
			"integrity": "sha512-Cf8m7wovVUZktKwgCdgVx2KE9tTbYoYYvzy9TZhosgrkQ9YiYc0WoeIDnTv2JiUWB1AmVVKN4lgqIHnZ2RSGmQ==",
			"requires": {
				"@ckb-lumos/base": "0.17.0",
				"@ckb-lumos/bi": "0.17.0",
				"@ckb-lumos/rpc": "0.17.0",
				"@ckb-lumos/toolkit": "0.17.0",
				"cross-fetch": "^3.1.5",
				"events": "^3.3.0"
			}
		},
		"@ckb-lumos/common-scripts": {
			"version": "0.17.0",
			"resolved": "https://registry.npmjs.org/@ckb-lumos/common-scripts/-/common-scripts-0.17.0.tgz",
			"integrity": "sha512-usmckI5tIvRQJkrdzZOr5mAlTYsRg+ogyexw8/xmkrkq0a+Dj2v7tGILC7y75eiVj9B4et8/1JO07+Ru0xCkOw==",
			"requires": {
				"@ckb-lumos/base": "0.17.0",
				"@ckb-lumos/bi": "0.17.0",
				"@ckb-lumos/config-manager": "0.17.0",
				"@ckb-lumos/helpers": "0.17.0",
				"@ckb-lumos/rpc": "0.17.0",
				"@ckb-lumos/toolkit": "0.17.0",
				"immutable": "^4.0.0-rc.12"
			}
		},
		"@ckb-lumos/config-manager": {
			"version": "0.17.0",
			"resolved": "https://registry.npmjs.org/@ckb-lumos/config-manager/-/config-manager-0.17.0.tgz",
			"integrity": "sha512-I8eCV8bAyE/v+uGcu0YOB43v4ZUwTY9dHpE67gW5VJzloXFdIUedpgMpeySA/rmicZ3yhzoh2WhE5CmqGkDU5Q==",
			"requires": {
				"@ckb-lumos/base": "0.17.0",
				"@ckb-lumos/bi": "0.17.0",
				"@types/deep-freeze-strict": "^1.1.0",
				"deep-freeze-strict": "^1.1.1"
			}
		},
		"@ckb-lumos/helpers": {
			"version": "0.17.0",
			"resolved": "https://registry.npmjs.org/@ckb-lumos/helpers/-/helpers-0.17.0.tgz",
			"integrity": "sha512-sfZsTSLrLJ1HGOwBCcYJrG4tq4LllOzbw42o6MObg1DNvzKAK4A/lu2zMi61sKMVdNB5I0zgqT1JtKurzw5jcw==",
			"requires": {
				"@ckb-lumos/base": "0.17.0",
				"@ckb-lumos/bi": "0.17.0",
				"@ckb-lumos/config-manager": "0.17.0",
				"@ckb-lumos/toolkit": "0.17.0",
				"bech32": "^2.0.0",
				"immutable": "^4.0.0-rc.12"
			}
		},
		"@ckb-lumos/rpc": {
			"version": "0.17.0",
			"resolved": "https://registry.npmjs.org/@ckb-lumos/rpc/-/rpc-0.17.0.tgz",
			"integrity": "sha512-UuR4LDo8sFOebSMqeai9KuF/DHl731dLYRuXRMURNx8QXVnHo2PXGtzCJs+F0DrJg0WECcAEAkJKh2/0ZDTJWw==",
			"requires": {
				"@ckb-lumos/base": "0.17.0",
				"@ckb-lumos/bi": "0.17.0",
				"@ckb-lumos/toolkit": "0.17.0"
			}
		},
		"@ckb-lumos/toolkit": {
			"version": "0.17.0",
			"resolved": "https://registry.npmjs.org/@ckb-lumos/toolkit/-/toolkit-0.17.0.tgz",
			"integrity": "sha512-y9MrQMjH3qVj6bZCnps5aydu1wAwM4u/cv0c4o2AqxHNq9axIt5hZmI8Z9hswDctcyeWll1aLpYamy3Wt+wz4Q==",
			"requires": {}
		},
		"@ckb-lumos/transaction-manager": {
			"version": "0.17.0",
			"resolved": "https://registry.npmjs.org/@ckb-lumos/transaction-manager/-/transaction-manager-0.17.0.tgz",
			"integrity": "sha512-TvFvZL3zYljlIObTNvPGuQWq/QEDx9Bvy0vrlyI5urP0VnoXfFPiowQpU3oRaUfHRNiP0WUGtUOaE5NKVt0l9A==",
			"requires": {
				"@ckb-lumos/base": "0.17.0",
				"@ckb-lumos/ckb-indexer": "0.17.0",
				"@ckb-lumos/toolkit": "0.17.0",
				"immutable": "^4.0.0-rc.12"
			}
		},
		"@nervosnetwork/ckb-sdk-rpc": {
			"version": "0.103.1",
			"resolved": "https://registry.npmjs.org/@nervosnetwork/ckb-sdk-rpc/-/ckb-sdk-rpc-0.103.1.tgz",
			"integrity": "sha512-n3V/5Be7PilyHXUcR6yAiwanMcuZNLfslu9A84OpfB22hlkwIv7OFG/JvFNack/cANPfChRAWB+VWiYGwSON/A==",
			"requires": {
				"@nervosnetwork/ckb-sdk-utils": "0.103.1",
				"axios": "0.21.4",
				"tslib": "2.3.1"
			}
		},
		"@nervosnetwork/ckb-sdk-utils": {
			"version": "0.103.1",
			"resolved": "https://registry.npmjs.org/@nervosnetwork/ckb-sdk-utils/-/ckb-sdk-utils-0.103.1.tgz",
			"integrity": "sha512-OzpFNKkOOqYWDHDjPf11uOfOf8EQOEstOBxVtyFjrGEx3B9FwsGxItlHYeuTfpFkHF2Ut+G9M3X71w8h/IApdQ==",
			"requires": {
				"@nervosnetwork/ckb-types": "0.103.1",
				"bech32": "2.0.0",
				"elliptic": "6.5.4",
				"jsbi": "3.1.3",
				"tslib": "2.3.1"
			},
			"dependencies": {
				"jsbi": {
					"version": "3.1.3",
					"resolved": "https://registry.npmjs.org/jsbi/-/jsbi-3.1.3.tgz",
					"integrity": "sha512-nBJqA0C6Qns+ZxurbEoIR56wyjiUszpNy70FHvxO5ervMoCbZVE3z3kxr5nKGhlxr/9MhKTSUBs7cAwwuf3g9w=="
				}
			}
		},
		"@nervosnetwork/ckb-types": {
			"version": "0.103.1",
			"resolved": "https://registry.npmjs.org/@nervosnetwork/ckb-types/-/ckb-types-0.103.1.tgz",
			"integrity": "sha512-gGRR1VvUS/KRq2ChhXHPiHpgyLYazPM2R8lK87shQI82Gp2/m6k1HVDeNR5XOYwQ3YmBbxHGQtQr/kMq7DUlZA=="
		},
		"@types/deep-freeze-strict": {
			"version": "1.1.0",
			"resolved": "https://registry.npmjs.org/@types/deep-freeze-strict/-/deep-freeze-strict-1.1.0.tgz",
			"integrity": "sha512-fILflsS66kGQ4iIBzYoxuQCWK1wQdy/ooguTofUk0KSxA+G5ZzH8WdU8mf6IU+5cMBW+j9u+eh+7kv63R3O9Tw=="
		},
		"@types/lodash": {
			"version": "4.14.182",
			"resolved": "https://registry.npmjs.org/@types/lodash/-/lodash-4.14.182.tgz",
			"integrity": "sha512-/THyiqyQAP9AfARo4pF+aCGcyiQ94tX/Is2I7HofNRqoYLgN1PBoOWu2/zTA5zMxzP5EFutMtWtGAFRKUe961Q=="
		},
		"@types/lodash.isequal": {
			"version": "4.5.6",
			"resolved": "https://registry.npmjs.org/@types/lodash.isequal/-/lodash.isequal-4.5.6.tgz",
			"integrity": "sha512-Ww4UGSe3DmtvLLJm2F16hDwEQSv7U0Rr8SujLUA2wHI2D2dm8kPu6Et+/y303LfjTIwSBKXB/YTUcAKpem/XEg==",
			"requires": {
				"@types/lodash": "*"
			}
		},
		"axios": {
			"version": "0.21.4",
			"resolved": "https://registry.npmjs.org/axios/-/axios-0.21.4.tgz",
			"integrity": "sha512-ut5vewkiu8jjGBdqpM44XxjuCjq9LAKeHVmoVfHVzy8eHgxxq8SbAVQNovDA8mVi05kP0Ea/n/UzcSHcTJQfNg==",
			"requires": {
				"follow-redirects": "^1.14.0"
			}
		},
		"b4a": {
			"version": "1.5.3",
			"resolved": "https://registry.npmjs.org/b4a/-/b4a-1.5.3.tgz",
			"integrity": "sha512-1aCQIzQJK7G0z1Una75tWMlwVAR8o+QHoAlnWc5XAxRVBESY9WsitfBgM5nPyDBP5HrhPU1Np4Pq2Y7CJQ+tVw=="
		},
		"bech32": {
			"version": "2.0.0",
			"resolved": "https://registry.npmjs.org/bech32/-/bech32-2.0.0.tgz",
			"integrity": "sha512-LcknSilhIGatDAsY1ak2I8VtGaHNhgMSYVxFrGLXv+xLHytaKZKcaUJJUE7qmBr7h33o5YQwP55pMI0xmkpJwg=="
		},
		"bip66": {
			"version": "1.1.5",
			"resolved": "https://registry.npmjs.org/bip66/-/bip66-1.1.5.tgz",
			"integrity": "sha1-AfqHSHhcpwlV1QESF9GzE5lpyiI=",
			"requires": {
				"safe-buffer": "^5.0.1"
			}
		},
		"blake2b": {
			"version": "2.1.4",
			"resolved": "https://registry.npmjs.org/blake2b/-/blake2b-2.1.4.tgz",
			"integrity": "sha512-AyBuuJNI64gIvwx13qiICz6H6hpmjvYS5DGkG6jbXMOT8Z3WUJ3V1X0FlhIoT1b/5JtHE3ki+xjtMvu1nn+t9A==",
			"requires": {
				"blake2b-wasm": "^2.4.0",
				"nanoassert": "^2.0.0"
			}
		},
		"blake2b-wasm": {
			"version": "2.4.0",
			"resolved": "https://registry.npmjs.org/blake2b-wasm/-/blake2b-wasm-2.4.0.tgz",
			"integrity": "sha512-S1kwmW2ZhZFFFOghcx73+ZajEfKBqhP82JMssxtLVMxlaPea1p9uoLiUZ5WYyHn0KddwbLc+0vh4wR0KBNoT5w==",
			"requires": {
				"b4a": "^1.0.1",
				"nanoassert": "^2.0.0"
			}
		},
		"bn.js": {
			"version": "4.12.0",
			"resolved": "https://registry.npmjs.org/bn.js/-/bn.js-4.12.0.tgz",
			"integrity": "sha512-c98Bf3tPniI+scsdk237ku1Dc3ujXQTSgyiPUDEOe7tRkhrqridvh8klBv0HCEso1OLOYcHuCv/cS6DNxKH+ZA=="
		},
		"brorand": {
			"version": "1.1.0",
			"resolved": "https://registry.npmjs.org/brorand/-/brorand-1.1.0.tgz",
			"integrity": "sha1-EsJe/kCkXjwyPrhnWgoM5XsiNx8="
		},
		"browserify-aes": {
			"version": "1.2.0",
			"resolved": "https://registry.npmjs.org/browserify-aes/-/browserify-aes-1.2.0.tgz",
			"integrity": "sha512-+7CHXqGuspUn/Sl5aO7Ea0xWGAtETPXNSAjHo48JfLdPWcMng33Xe4znFvQweqc/uzk5zSOI3H52CYnjCfb5hA==",
			"requires": {
				"buffer-xor": "^1.0.3",
				"cipher-base": "^1.0.0",
				"create-hash": "^1.1.0",
				"evp_bytestokey": "^1.0.3",
				"inherits": "^2.0.1",
				"safe-buffer": "^5.0.1"
			}
		},
		"buffer-xor": {
			"version": "1.0.3",
			"resolved": "https://registry.npmjs.org/buffer-xor/-/buffer-xor-1.0.3.tgz",
			"integrity": "sha1-JuYe0UIvtw3ULm42cp7VHYVf6Nk="
		},
		"bufferutility": {
			"version": "2.2.1",
			"resolved": "https://registry.npmjs.org/bufferutility/-/bufferutility-2.2.1.tgz",
			"integrity": "sha512-/4sdr36ODmKm3OBcGYDkB5XO18LyS3okAbMHYX3BtudNHU5eeYrXa2xWytlmIp6+zaUYtZ4ZT1xK9WnpbUWCLQ=="
		},
		"cipher-base": {
			"version": "1.0.4",
			"resolved": "https://registry.npmjs.org/cipher-base/-/cipher-base-1.0.4.tgz",
			"integrity": "sha512-Kkht5ye6ZGmwv40uUDZztayT2ThLQGfnj/T71N/XzeZeo3nf8foyW7zGTsPYkEya3m5f3cAypH+qe7YOrM1U2Q==",
			"requires": {
				"inherits": "^2.0.1",
				"safe-buffer": "^5.0.1"
			}
		},
		"ckb-js-toolkit": {
			"version": "0.10.2",
			"resolved": "https://registry.npmjs.org/ckb-js-toolkit/-/ckb-js-toolkit-0.10.2.tgz",
			"integrity": "sha512-hVfIH5OBYibAssTag68zVhuUdqB4Iu3EqbCJrOsePpW+TryvqdmvGca2RQyGm0h6fhVK6RuNuKQ8rSdq/cjgUg==",
			"requires": {
				"cross-fetch": "^3.0.6",
				"jsbi": "^3.1.2"
			},
			"dependencies": {
				"jsbi": {
					"version": "3.2.5",
					"resolved": "https://registry.npmjs.org/jsbi/-/jsbi-3.2.5.tgz",
					"integrity": "sha512-aBE4n43IPvjaddScbvWRA2YlTzKEynHzu7MqOyTipdHucf/VxS63ViCjxYRg86M8Rxwbt/GfzHl1kKERkt45fQ=="
				}
			}
		},
		"create-hash": {
			"version": "1.2.0",
			"resolved": "https://registry.npmjs.org/create-hash/-/create-hash-1.2.0.tgz",
			"integrity": "sha512-z00bCGNHDG8mHAkP7CtT1qVu+bFQUPjYq/4Iv3C3kWjTFV10zIjfSoeqXo9Asws8gwSHDGj/hl2u4OGIjapeCg==",
			"requires": {
				"cipher-base": "^1.0.1",
				"inherits": "^2.0.1",
				"md5.js": "^1.3.4",
				"ripemd160": "^2.0.1",
				"sha.js": "^2.4.0"
			}
		},
		"create-hmac": {
			"version": "1.1.7",
			"resolved": "https://registry.npmjs.org/create-hmac/-/create-hmac-1.1.7.tgz",
			"integrity": "sha512-MJG9liiZ+ogc4TzUwuvbER1JRdgvUFSB5+VR/g5h82fGaIRWMWddtKBHi7/sVhfjQZ6SehlyhvQYrcYkaUIpLg==",
			"requires": {
				"cipher-base": "^1.0.3",
				"create-hash": "^1.1.0",
				"inherits": "^2.0.1",
				"ripemd160": "^2.0.0",
				"safe-buffer": "^5.0.1",
				"sha.js": "^2.4.8"
			}
		},
		"cross-fetch": {
			"version": "3.1.5",
			"resolved": "https://registry.npmjs.org/cross-fetch/-/cross-fetch-3.1.5.tgz",
			"integrity": "sha512-lvb1SBsI0Z7GDwmuid+mU3kWVBwTVUbe7S0H52yaaAdQOXq2YktTCZdlAcNKFzE6QtRz0snpw9bNiPeOIkkQvw==",
			"requires": {
				"node-fetch": "2.6.7"
			}
		},
		"deep-freeze-strict": {
			"version": "1.1.1",
			"resolved": "https://registry.npmjs.org/deep-freeze-strict/-/deep-freeze-strict-1.1.1.tgz",
			"integrity": "sha512-QemROZMM2IvhAcCFvahdX2Vbm4S/txeq5rFYU9fh4mQP79WTMW5c/HkQ2ICl1zuzcDZdPZ6zarDxQeQMsVYoNA=="
		},
		"drbg.js": {
			"version": "1.0.1",
			"resolved": "https://registry.npmjs.org/drbg.js/-/drbg.js-1.0.1.tgz",
			"integrity": "sha1-Pja2xCs3BDgjzbwzLVjzHiRFSAs=",
			"requires": {
				"browserify-aes": "^1.0.6",
				"create-hash": "^1.1.2",
				"create-hmac": "^1.1.4"
			}
		},
		"elliptic": {
			"version": "6.5.4",
			"resolved": "https://registry.npmjs.org/elliptic/-/elliptic-6.5.4.tgz",
			"integrity": "sha512-iLhC6ULemrljPZb+QutR5TQGB+pdW6KGD5RSegS+8sorOZT+rdQFbsQFJgvN3eRqNALqJer4oQ16YvJHlU8hzQ==",
			"requires": {
				"bn.js": "^4.11.9",
				"brorand": "^1.1.0",
				"hash.js": "^1.0.0",
				"hmac-drbg": "^1.0.1",
				"inherits": "^2.0.4",
				"minimalistic-assert": "^1.0.1",
				"minimalistic-crypto-utils": "^1.0.1"
			}
		},
		"events": {
			"version": "3.3.0",
			"resolved": "https://registry.npmjs.org/events/-/events-3.3.0.tgz",
			"integrity": "sha512-mQw+2fkQbALzQ7V0MY0IqdnXNOeTtP4r0lN9z7AAawCXgqea7bDii20AYrIBrFd/Hx0M2Ocz6S111CaFkUcb0Q=="
		},
		"evp_bytestokey": {
			"version": "1.0.3",
			"resolved": "https://registry.npmjs.org/evp_bytestokey/-/evp_bytestokey-1.0.3.tgz",
			"integrity": "sha512-/f2Go4TognH/KvCISP7OUsHn85hT9nUkxxA9BEWxFn+Oj9o8ZNLm/40hdlgSLyuOimsrTKLUMEorQexp/aPQeA==",
			"requires": {
				"md5.js": "^1.3.4",
				"safe-buffer": "^5.1.1"
			}
		},
		"follow-redirects": {
			"version": "1.15.1",
			"resolved": "https://registry.npmjs.org/follow-redirects/-/follow-redirects-1.15.1.tgz",
			"integrity": "sha512-yLAMQs+k0b2m7cVxpS1VKJVvoz7SS9Td1zss3XRwXj+ZDH00RJgnuLx7E44wx02kQLrdM3aOOy+FpzS7+8OizA=="
		},
		"hash-base": {
			"version": "3.1.0",
			"resolved": "https://registry.npmjs.org/hash-base/-/hash-base-3.1.0.tgz",
			"integrity": "sha512-1nmYp/rhMDiE7AYkDw+lLwlAzz0AntGIe51F3RfFfEqyQ3feY2eI/NcwC6umIQVOASPMsWJLJScWKSSvzL9IVA==",
			"requires": {
				"inherits": "^2.0.4",
				"readable-stream": "^3.6.0",
				"safe-buffer": "^5.2.0"
			},
			"dependencies": {
				"readable-stream": {
					"version": "3.6.0",
					"resolved": "https://registry.npmjs.org/readable-stream/-/readable-stream-3.6.0.tgz",
					"integrity": "sha512-BViHy7LKeTz4oNnkcLJ+lVSL6vpiFeX6/d3oSH8zCW7UxP2onchk+vTGB143xuFjHS3deTgkKoXXymXqymiIdA==",
					"requires": {
						"inherits": "^2.0.3",
						"string_decoder": "^1.1.1",
						"util-deprecate": "^1.0.1"
					}
				},
				"safe-buffer": {
					"version": "5.2.1",
					"resolved": "https://registry.npmjs.org/safe-buffer/-/safe-buffer-5.2.1.tgz",
					"integrity": "sha512-rp3So07KcdmmKbGvgaNxQSJr7bGVSVk5S9Eq1F+ppbRo70+YeaDxkw5Dd8NPN+GD6bjnYm2VuPuCXmpuYvmCXQ=="
				}
			}
		},
		"hash.js": {
			"version": "1.1.7",
			"resolved": "https://registry.npmjs.org/hash.js/-/hash.js-1.1.7.tgz",
			"integrity": "sha512-taOaskGt4z4SOANNseOviYDvjEJinIkRgmp7LbKP2YTTmVxWBl87s/uzK9r+44BclBSp2X7K1hqeNfz9JbBeXA==",
			"requires": {
				"inherits": "^2.0.3",
				"minimalistic-assert": "^1.0.1"
			}
		},
		"hmac-drbg": {
			"version": "1.0.1",
			"resolved": "https://registry.npmjs.org/hmac-drbg/-/hmac-drbg-1.0.1.tgz",
			"integrity": "sha1-0nRXAQJabHdabFRXk+1QL8DGSaE=",
			"requires": {
				"hash.js": "^1.0.3",
				"minimalistic-assert": "^1.0.0",
				"minimalistic-crypto-utils": "^1.0.1"
			}
		},
		"immutable": {
			"version": "4.0.0-rc.12",
			"resolved": "https://registry.npmjs.org/immutable/-/immutable-4.0.0-rc.12.tgz",
			"integrity": "sha512-0M2XxkZLx/mi3t8NVwIm1g8nHoEmM9p9UBl/G9k4+hm0kBgOVdMV/B3CY5dQ8qG8qc80NN4gDV4HQv6FTJ5q7A=="
		},
		"inherits": {
			"version": "2.0.4",
			"resolved": "https://registry.npmjs.org/inherits/-/inherits-2.0.4.tgz",
			"integrity": "sha512-k/vGaX4/Yla3WzyMCvTQOXYeIHvqOKtnqBduzTHpzpQZzAskKMhZ2K+EnBiSM9zGSoIFeMpXKxa4dYeZIQqewQ=="
		},
		"int64-buffer": {
			"version": "1.0.1",
			"resolved": "https://registry.npmjs.org/int64-buffer/-/int64-buffer-1.0.1.tgz",
			"integrity": "sha512-+3azY4pXrjAupJHU1V9uGERWlhoqNswJNji6aD/02xac7oxol508AsMC5lxKhEqyZeDFy3enq5OGWXF4u75hiw=="
		},
		"js-xxhash": {
			"version": "1.0.4",
			"resolved": "https://registry.npmjs.org/js-xxhash/-/js-xxhash-1.0.4.tgz",
			"integrity": "sha512-S/6Oo7ruxx5k8m4qlMnbpwQdJjRsvvfcIhIk1dA9c5y5GNhYHKYKu9krEK3QgBax6CxJuf4gRL2opgLkdzWIKg=="
		},
		"jsbi": {
			"version": "4.3.0",
			"resolved": "https://registry.npmjs.org/jsbi/-/jsbi-4.3.0.tgz",
			"integrity": "sha512-SnZNcinB4RIcnEyZqFPdGPVgrg2AcnykiBy0sHVJQKHYeaLUvi3Exj+iaPpLnFVkDPZIV4U0yvgC9/R4uEAZ9g=="
		},
		"lodash": {
			"version": "4.17.21",
			"resolved": "https://registry.npmjs.org/lodash/-/lodash-4.17.21.tgz",
			"integrity": "sha512-v2kDEe57lecTulaDIuNTPy3Ry4gLGJ6Z1O3vE1krgXZNrsQ+LFTGHVxVjcXPs17LhbZVGedAJv8XZ1tvj5FvSg=="
		},
		"lodash.isequal": {
			"version": "4.5.0",
			"resolved": "https://registry.npmjs.org/lodash.isequal/-/lodash.isequal-4.5.0.tgz",
			"integrity": "sha512-pDo3lu8Jhfjqls6GkMgpahsF9kCyayhgykjyLMNFTKWrpVdAQtYyB4muAMWozBB4ig/dtWAmsMxLEI8wuz+DYQ=="
		},
		"md5.js": {
			"version": "1.3.5",
			"resolved": "https://registry.npmjs.org/md5.js/-/md5.js-1.3.5.tgz",
			"integrity": "sha512-xitP+WxNPcTTOgnTJcrhM0xvdPepipPSf3I8EIpGKeFLjt3PlJLIDG3u8EX53ZIubkb+5U2+3rELYpEhHhzdkg==",
			"requires": {
				"hash-base": "^3.0.0",
				"inherits": "^2.0.1",
				"safe-buffer": "^5.1.2"
			}
		},
		"minimalistic-assert": {
			"version": "1.0.1",
			"resolved": "https://registry.npmjs.org/minimalistic-assert/-/minimalistic-assert-1.0.1.tgz",
			"integrity": "sha512-UtJcAD4yEaGtjPezWuO9wC4nwUnVH/8/Im3yEHQP4b67cXlD/Qr9hdITCU1xDbSEXg2XKNaP8jsReV7vQd00/A=="
		},
		"minimalistic-crypto-utils": {
			"version": "1.0.1",
			"resolved": "https://registry.npmjs.org/minimalistic-crypto-utils/-/minimalistic-crypto-utils-1.0.1.tgz",
			"integrity": "sha1-9sAMHAsIIkblxNmd+4x8CDsrWCo="
		},
		"nan": {
			"version": "2.14.2",
			"resolved": "https://registry.npmjs.org/nan/-/nan-2.14.2.tgz",
			"integrity": "sha512-M2ufzIiINKCuDfBSAUr1vWQ+vuVcA9kqx8JJUsbQi6yf1uGRyb7HfpdfUr5qLXf3B/t8dPvcjhKMmlfnP47EzQ=="
		},
		"nanoassert": {
			"version": "2.0.0",
			"resolved": "https://registry.npmjs.org/nanoassert/-/nanoassert-2.0.0.tgz",
			"integrity": "sha512-7vO7n28+aYO4J+8w96AzhmU8G+Y/xpPDJz/se19ICsqj/momRbb9mh9ZUtkoJ5X3nTnPdhEJyc0qnM6yAsHBaA=="
		},
		"node-addon-api": {
			"version": "2.0.2",
			"resolved": "https://registry.npmjs.org/node-addon-api/-/node-addon-api-2.0.2.tgz",
			"integrity": "sha512-Ntyt4AIXyaLIuMHF6IOoTakB3K+RWxwtsHNRxllEoA6vPwP9o4866g6YWDLUdnucilZhmkxiHwHr11gAENw+QA=="
		},
		"node-fetch": {
			"version": "2.6.7",
			"resolved": "https://registry.npmjs.org/node-fetch/-/node-fetch-2.6.7.tgz",
			"integrity": "sha512-ZjMPFEfVx5j+y2yF35Kzx5sF7kDzxuDj6ziH4FFbOp87zKDZNx8yExJIb05OGF4Nlt9IHFIMBkRl41VdvcNdbQ==",
			"requires": {
				"whatwg-url": "^5.0.0"
			}
		},
		"node-gyp-build": {
			"version": "4.2.3",
			"resolved": "https://registry.npmjs.org/node-gyp-build/-/node-gyp-build-4.2.3.tgz",
			"integrity": "sha512-MN6ZpzmfNCRM+3t57PTJHgHyw/h4OWnZ6mR8P5j/uZtqQr46RRuDE/P+g3n0YR/AiYXeWixZZzaip77gdICfRg=="
		},
		"ripemd160": {
			"version": "2.0.2",
			"resolved": "https://registry.npmjs.org/ripemd160/-/ripemd160-2.0.2.tgz",
			"integrity": "sha512-ii4iagi25WusVoiC4B4lq7pbXfAp3D9v5CwfkY33vffw2+pkDjY1D8GaN7spsxvCSx8dkPqOZCEZyfxcmJG2IA==",
			"requires": {
				"hash-base": "^3.0.0",
				"inherits": "^2.0.1"
			}
		},
		"safe-buffer": {
			"version": "5.1.2",
			"resolved": "https://registry.npmjs.org/safe-buffer/-/safe-buffer-5.1.2.tgz",
			"integrity": "sha512-Gd2UZBJDkXlY7GbJxfsE8/nvKkUEU1G38c1siN6QP6a9PT9MmHB8GnpscSmMJSoF8LOIrt8ud/wPtojys4G6+g=="
		},
		"secp256k1": {
			"version": "4.0.3",
			"resolved": "https://registry.npmjs.org/secp256k1/-/secp256k1-4.0.3.tgz",
			"integrity": "sha512-NLZVf+ROMxwtEj3Xa562qgv2BK5e2WNmXPiOdVIPLgs6lyTzMvBq0aWTYMI5XCP9jZMVKOcqZLw/Wc4vDkuxhA==",
			"requires": {
				"elliptic": "^6.5.4",
				"node-addon-api": "^2.0.0",
				"node-gyp-build": "^4.2.0"
			}
		},
		"secp256r1": {
			"version": "0.0.3",
			"resolved": "https://registry.npmjs.org/secp256r1/-/secp256r1-0.0.3.tgz",
			"integrity": "sha512-fnhCjlV5aM/zNkCLiRWqfbIzZJ78z4ENZT6Hw/xZz/Ie7CgG95H/TS8rOi0SfcSa2jEjuPjUIQh57ZrApv6JoA==",
			"requires": {
				"bip66": "^1.1.3",
				"bn.js": "^4.11.3",
				"create-hash": "^1.1.2",
				"drbg.js": "^1.0.1",
				"elliptic": "^6.2.3",
				"nan": "^2.2.1",
				"safe-buffer": "^5.1.0"
			}
		},
		"sha.js": {
			"version": "2.4.11",
			"resolved": "https://registry.npmjs.org/sha.js/-/sha.js-2.4.11.tgz",
			"integrity": "sha512-QMEp5B7cftE7APOjk5Y6xgrbWu+WkLVQwk8JNjZ8nKRciZaByEW6MubieAiToS7+dwvrjGhH8jRXz3MVd0AYqQ==",
			"requires": {
				"inherits": "^2.0.1",
				"safe-buffer": "^5.0.1"
			}
		},
		"string_decoder": {
			"version": "1.1.1",
			"resolved": "https://registry.npmjs.org/string_decoder/-/string_decoder-1.1.1.tgz",
			"integrity": "sha512-n/ShnvDi6FHbbVfviro+WojiFzv+s8MPMHBczVePfUpDJLwoLT0ht1l4YwBCbi8pJAveEEdnkHyPyTP/mzRfwg==",
			"requires": {
				"safe-buffer": "~5.1.0"
			}
		},
		"tr46": {
			"version": "0.0.3",
			"resolved": "https://registry.npmjs.org/tr46/-/tr46-0.0.3.tgz",
			"integrity": "sha512-N3WMsuqV66lT30CrXNbEjx4GEwlow3v6rr4mCcv6prnfwhS01rkgyFdjPNBYd9br7LpXV1+Emh01fHnq2Gdgrw=="
		},
		"tslib": {
			"version": "2.3.1",
			"resolved": "https://registry.npmjs.org/tslib/-/tslib-2.3.1.tgz",
			"integrity": "sha512-77EbyPPpMz+FRFRuAFlWMtmgUWGe9UOG2Z25NqCwiIjRhOf5iKGuzSe5P2w1laq+FkRy4p+PCuVkJSGkzTEKVw=="
		},
		"util-deprecate": {
			"version": "1.0.2",
			"resolved": "https://registry.npmjs.org/util-deprecate/-/util-deprecate-1.0.2.tgz",
			"integrity": "sha1-RQ1Nyfpw3nMnYvvS1KKJgUGaDM8="
		},
		"webidl-conversions": {
			"version": "3.0.1",
			"resolved": "https://registry.npmjs.org/webidl-conversions/-/webidl-conversions-3.0.1.tgz",
			"integrity": "sha512-2JAn3z8AR6rjK8Sm8orRC0h/bcl/DqL7tRPdGZ4I1CjdF+EaMLmYxBHyXuKL849eucPFhvBoxMsflfOb8kxaeQ=="
		},
		"whatwg-url": {
			"version": "5.0.0",
			"resolved": "https://registry.npmjs.org/whatwg-url/-/whatwg-url-5.0.0.tgz",
			"integrity": "sha512-saE57nupxk6v3HY35+jzBwYa0rKSy0XR8JSxZPwgLr7ys0IBzhGviA1/TUGJLmSVqs8pb9AnvICXEuOHLprYTw==",
			"requires": {
				"tr46": "~0.0.3",
				"webidl-conversions": "^3.0.0"
			}
		}
	}
}
